
Microsoft Visual Studio Solution File, Format Version 12.00
# Visual Studio 14
VisualStudioVersion = 14.0.25420.1
MinimumVisualStudioVersion = 10.0.40219.1
Project("{FAE04EC0-301F-11D3-BF4B-00C04F79EFBC}") = "Kakasi.NET.TestApp", "Kakasi.NET.TestApp\Kakasi.NET.TestApp.csproj", "{E5B2B248-5196-47EB-A1CF-4FA6FCABB18F}"
EndProject
Project("{FAE04EC0-301F-11D3-BF4B-00C04F79EFBC}") = "Kakasi.NET.Interop", "Kakasi.NET.Interop\Kakasi.NET.Interop.csproj", "{67F3DAA6-417D-4F5D-81C4-A191B04F917B}"
EndProject
Global
	GlobalSection(SolutionConfigurationPlatforms) = preSolution
		Debug|Any CPU = Debug|Any CPU
		Release|Any CPU = Release|Any CPU
	EndGlobalSection
	GlobalSection(ProjectConfigurationPlatforms) = postSolution
		{E5B2B248-5196-47EB-A1CF-4FA6FCABB18F}.Debug|Any CPU.ActiveCfg = Debug|Any CPU
		{E5B2B248-5196-47EB-A1CF-4FA6FCABB18F}.Debug|Any CPU.Build.0 = Debug|Any CPU
		{E5B2B248-5196-47EB-A1CF-4FA6FCABB18F}.Release|Any CPU.ActiveCfg = Release|Any CPU
		{E5B2B248-5196-47EB-A1CF-4FA6FCABB18F}.Release|Any CPU.Build.0 = Release|Any CPU
		{67F3DAA6-417D-4F5D-81C4-A191B04F917B}.Debug|Any CPU.ActiveCfg = Debug|Any CPU
		{67F3DAA6-417D-4F5D-81C4-A191B04F917B}.Debug|Any CPU.Build.0 = Debug|Any CPU
		{67F3DAA6-417D-4F5D-81C4-A191B04F917B}.Release|Any CPU.ActiveCfg = Release|Any CPU
		{67F3DAA6-417D-4F5D-81C4-A191B04F917B}.Release|Any CPU.Build.0 = Release|Any CPU
	EndGlobalSection
	GlobalSection(SolutionProperties) = preSolution
		HideSolutionNode = FALSE
	EndGlobalSection
EndGlobal
